
Microsoft Visual Studio Solution File, Format Version 12.00
# Visual Studio Version 17
VisualStudioVersion = 17.3.32901.215
MinimumVisualStudioVersion = 10.0.40219.1
Project("{FAE04EC0-301F-11D3-BF4B-00C04F79EFBC}") = "Lab16_ISRPO", "Lab16_ISRPO\Lab16_ISRPO.csproj", "{C0CFFEE3-7892-434A-87C6-1827F20AF32C}"
EndProject
Project("{FAE04EC0-301F-11D3-BF4B-00C04F79EFBC}") = "QuadraticSolver", "QuadraticSolver\QuadraticSolver.csproj", "{0AFF2D58-7CEA-402C-9DA1-73FD3718FA64}"
EndProject
Project("{FAE04EC0-301F-11D3-BF4B-00C04F79EFBC}") = "QuadraticSolverTest", "QuadraticSolverTest\QuadraticSolverTest.csproj", "{9FF86B38-89F5-4B1E-AB42-5F98E17DE5B8}"
EndProject
Global
	GlobalSection(SolutionConfigurationPlatforms) = preSolution
		Debug|Any CPU = Debug|Any CPU
		Release|Any CPU = Release|Any CPU
	EndGlobalSection
	GlobalSection(ProjectConfigurationPlatforms) = postSolution
		{C0CFFEE3-7892-434A-87C6-1827F20AF32C}.Debug|Any CPU.ActiveCfg = Debug|Any CPU
		{C0CFFEE3-7892-434A-87C6-1827F20AF32C}.Debug|Any CPU.Build.0 = Debug|Any CPU
		{C0CFFEE3-7892-434A-87C6-1827F20AF32C}.Release|Any CPU.ActiveCfg = Release|Any CPU
		{C0CFFEE3-7892-434A-87C6-1827F20AF32C}.Release|Any CPU.Build.0 = Release|Any CPU
		{0AFF2D58-7CEA-402C-9DA1-73FD3718FA64}.Debug|Any CPU.ActiveCfg = Debug|Any CPU
		{0AFF2D58-7CEA-402C-9DA1-73FD3718FA64}.Debug|Any CPU.Build.0 = Debug|Any CPU
		{0AFF2D58-7CEA-402C-9DA1-73FD3718FA64}.Release|Any CPU.ActiveCfg = Release|Any CPU
		{0AFF2D58-7CEA-402C-9DA1-73FD3718FA64}.Release|Any CPU.Build.0 = Release|Any CPU
		{9FF86B38-89F5-4B1E-AB42-5F98E17DE5B8}.Debug|Any CPU.ActiveCfg = Debug|Any CPU
		{9FF86B38-89F5-4B1E-AB42-5F98E17DE5B8}.Debug|Any CPU.Build.0 = Debug|Any CPU
		{9FF86B38-89F5-4B1E-AB42-5F98E17DE5B8}.Release|Any CPU.ActiveCfg = Release|Any CPU
		{9FF86B38-89F5-4B1E-AB42-5F98E17DE5B8}.Release|Any CPU.Build.0 = Release|Any CPU
	EndGlobalSection
	GlobalSection(SolutionProperties) = preSolution
		HideSolutionNode = FALSE
	EndGlobalSection
	GlobalSection(ExtensibilityGlobals) = postSolution
		SolutionGuid = {F9D23867-BBAE-4C96-AFD3-A7021A190801}
	EndGlobalSection
EndGlobal
