
Microsoft Visual Studio Solution File, Format Version 12.00
# Visual Studio Version 17
VisualStudioVersion = 17.3.32901.215
MinimumVisualStudioVersion = 10.0.40219.1
Project("{FAE04EC0-301F-11D3-BF4B-00C04F79EFBC}") = "MVVMApi_ISRPO", "MVVMApi_ISRPO\MVVMApi_ISRPO.csproj", "{930B0566-CCBA-41A3-BA77-E4C45968477A}"
EndProject
Project("{9A19103F-16F7-4668-BE54-9A1E7A4F7556}") = "API", "API\API.csproj", "{33AB2635-1774-4971-95CF-F8FAE9F72110}"
EndProject
Global
	GlobalSection(SolutionConfigurationPlatforms) = preSolution
		Debug|Any CPU = Debug|Any CPU
		Release|Any CPU = Release|Any CPU
	EndGlobalSection
	GlobalSection(ProjectConfigurationPlatforms) = postSolution
		{930B0566-CCBA-41A3-BA77-E4C45968477A}.Debug|Any CPU.ActiveCfg = Debug|Any CPU
		{930B0566-CCBA-41A3-BA77-E4C45968477A}.Debug|Any CPU.Build.0 = Debug|Any CPU
		{930B0566-CCBA-41A3-BA77-E4C45968477A}.Release|Any CPU.ActiveCfg = Release|Any CPU
		{930B0566-CCBA-41A3-BA77-E4C45968477A}.Release|Any CPU.Build.0 = Release|Any CPU
		{33AB2635-1774-4971-95CF-F8FAE9F72110}.Debug|Any CPU.ActiveCfg = Debug|Any CPU
		{33AB2635-1774-4971-95CF-F8FAE9F72110}.Debug|Any CPU.Build.0 = Debug|Any CPU
		{33AB2635-1774-4971-95CF-F8FAE9F72110}.Release|Any CPU.ActiveCfg = Release|Any CPU
		{33AB2635-1774-4971-95CF-F8FAE9F72110}.Release|Any CPU.Build.0 = Release|Any CPU
	EndGlobalSection
	GlobalSection(SolutionProperties) = preSolution
		HideSolutionNode = FALSE
	EndGlobalSection
	GlobalSection(ExtensibilityGlobals) = postSolution
		SolutionGuid = {062280D5-37CD-4AFF-A014-6B13B66CE228}
	EndGlobalSection
EndGlobal
